# THIS IS AN AUTOGENERATED FILE. DO NOT EDIT THIS FILE DIRECTLY.
# yarn lockfile v1


"@faker-js/faker@^7.6.0":
  version "7.6.0"
  resolved "https://registry.yarnpkg.com/@faker-js/faker/-/faker-7.6.0.tgz#9ea331766084288634a9247fcd8b84f16ff4ba07"
  integrity sha512-XK6BTq1NDMo9Xqw/YkYyGjSsg44fbNwYRx7QK2CuoQgyy+f1rrTDHoExVM5PsyXCtfl2vs2vVJ0MN0yN6LppRw==

"@types/google.maps@^3.52.6":
  version "3.52.6"
  resolved "https://registry.yarnpkg.com/@types/google.maps/-/google.maps-3.52.6.tgz#5a3f0d1ae005580f9016683b5d0acf71ae2f4465"
  integrity sha512-CnwN5UcezNiRuJzV0wGIsqXWNwMM6WzIxmy9lOUx+yauRQMee5XH/N7NaVOsiY5T5ygrnBwPO+csND652HYsTQ==
